
Microsoft Visual Studio Solution File, Format Version 12.00
# Visual Studio Version 16
VisualStudioVersion = 25.0.1706.0
MinimumVisualStudioVersion = 10.0.40219.1
Project("{FAE04EC0-301F-11D3-BF4B-00C04F79EFBC}") = "site_parse_server", "site_parse_server\site_parse_server.csproj", "{CC4AA32B-6B29-4D59-81C2-299F3A99A33B}"
EndProject
Global
	GlobalSection(SolutionConfigurationPlatforms) = preSolution
		Debug|Any CPU = Debug|Any CPU
		Release|Any CPU = Release|Any CPU
	EndGlobalSection
	GlobalSection(ProjectConfigurationPlatforms) = postSolution
		{CC4AA32B-6B29-4D59-81C2-299F3A99A33B}.Debug|Any CPU.ActiveCfg = Debug|Any CPU
		{CC4AA32B-6B29-4D59-81C2-299F3A99A33B}.Debug|Any CPU.Build.0 = Debug|Any CPU
		{CC4AA32B-6B29-4D59-81C2-299F3A99A33B}.Release|Any CPU.ActiveCfg = Release|Any CPU
		{CC4AA32B-6B29-4D59-81C2-299F3A99A33B}.Release|Any CPU.Build.0 = Release|Any CPU
	EndGlobalSection
	GlobalSection(SolutionProperties) = preSolution
		HideSolutionNode = FALSE
	EndGlobalSection
	GlobalSection(ExtensibilityGlobals) = postSolution
		SolutionGuid = {D90E670C-6CE3-445F-A6C9-9121EB66AFE8}
	EndGlobalSection
EndGlobal
